<?xml version="1.0" encoding="utf-8"?>
<Project ToolsVersion="4.0" xmlns="http://schemas.microsoft.com/developer/msbuild/2003">
  <ItemGroup>
    <Filter Include="cryptor">
      <UniqueIdentifier>{ebc42e50-1ee3-4f05-a322-e0ad24cb8df7}</UniqueIdentifier>
    </Filter>
    <Filter Include="misc">
      <UniqueIdentifier>{7c01ed93-8b88-4550-a734-42ba36a8bbac}</UniqueIdentifier>
    </Filter>
  </ItemGroup>
  <ItemGroup>
    <ClInclude Include="..\..\libs\cryptolib\icryptor.h">
      <Filter>cryptor</Filter>
    </ClInclude>
    <ClInclude Include="..\..\libs\cryptolib\cryptor.h">
      <Filter>cryptor</Filter>
    </ClInclude>
    <ClInclude Include="..\..\libs\cryptolib\cryptolib.h">
      <Filter>misc</Filter>
    </ClInclude>
  </ItemGroup>
  <ItemGroup>
    <ClCompile Include="..\..\libs\cryptolib\cryptolib.cpp">
      <Filter>misc</Filter>
    </ClCompile>
    <ClCompile Include="..\..\libs\cryptolib\cryptor.cpp">
      <Filter>cryptor</Filter>
    </ClCompile>
  </ItemGroup>
</Project>