<?xml version="1.0" encoding="utf-8"?>
<Project ToolsVersion="4.0" xmlns="http://schemas.microsoft.com/developer/msbuild/2003">
  <ItemGroup>
    <Filter Include="lalala">
      <UniqueIdentifier>{7e1335ef-7cfe-4347-9106-d26bafcdeb0f}</UniqueIdentifier>
    </Filter>
    <Filter Include="winapi_service">
      <UniqueIdentifier>{9f48da78-eb02-450f-b27c-dd45007f6522}</UniqueIdentifier>
    </Filter>
    <Filter Include="tasks">
      <UniqueIdentifier>{00ce648f-b56d-48aa-b987-5fc6ebbc58ad}</UniqueIdentifier>
    </Filter>
  </ItemGroup>
  <ItemGroup>
    <ClCompile Include="..\..\apps\AVService\main.cpp">
      <Filter>lalala</Filter>
    </ClCompile>
    <ClCompile Include="..\..\apps\AVService\avservice.cpp">
      <Filter>winapi_service</Filter>
    </ClCompile>
  </ItemGroup>
  <ItemGroup>
    <ClInclude Include="..\..\apps\AVService\conslsvc.h">
      <Filter>winapi_service</Filter>
    </ClInclude>
    <ClInclude Include="..\..\apps\AVService\logfmwk.h">
      <Filter>winapi_service</Filter>
    </ClInclude>
    <ClInclude Include="..\..\apps\AVService\avservice.h">
      <Filter>winapi_service</Filter>
    </ClInclude>
    <ClInclude Include="..\..\apps\AVService\task_scan.h">
      <Filter>tasks</Filter>
    </ClInclude>
  </ItemGroup>
</Project>