
Microsoft Visual Studio Solution File, Format Version 12.00
# Visual Studio Version 16
VisualStudioVersion = 16.0.29025.244
MinimumVisualStudioVersion = 10.0.40219.1
Project("{2150E333-8FDC-42A3-9474-1A3956D46DE8}") = "libs", "libs", "{AF006283-E199-4E60-A798-430192F91443}"
EndProject
Project("{2150E333-8FDC-42A3-9474-1A3956D46DE8}") = "apps", "apps", "{2EFB2373-65B0-4121-9B9B-9A442A847B8C}"
EndProject
Project("{2150E333-8FDC-42A3-9474-1A3956D46DE8}") = "tests", "tests", "{FAF96337-21D5-4AFF-ACDA-85F98CF2FFEE}"
EndProject
Project("{8BC9CEB8-8B4A-11D0-8D11-00A0C91BC942}") = "drjuke_tests", "projects\drjuke_tests\drjuke_tests.vcxproj", "{12AF3CD4-A87A-4E25-88F7-D873EA40466F}"
EndProject
Project("{8BC9CEB8-8B4A-11D0-8D11-00A0C91BC942}") = "winlib", "projects\winlib\winlib.vcxproj", "{5955B0DB-6C7A-44F3-99E0-910BDC453406}"
EndProject
Project("{8BC9CEB8-8B4A-11D0-8D11-00A0C91BC942}") = "sqllib", "projects\sqllib\sqllib.vcxproj", "{808257FD-A903-401C-B314-E9B2D5E3E1D4}"
EndProject
Project("{8BC9CEB8-8B4A-11D0-8D11-00A0C91BC942}") = "settingslib", "projects\settingslib\settingslib.vcxproj", "{C86B3E2D-D655-45E3-A261-6FD52DCF1FE6}"
EndProject
Project("{8BC9CEB8-8B4A-11D0-8D11-00A0C91BC942}") = "scanlib", "projects\scanlib\scanlib.vcxproj", "{AEC604CC-446D-472E-8306-77FA3C5323E4}"
EndProject
Project("{8BC9CEB8-8B4A-11D0-8D11-00A0C91BC942}") = "netlib", "projects\netlib\netlib.vcxproj", "{564E8B5C-DBA3-4AAF-85DF-71D313189C71}"
EndProject
Project("{8BC9CEB8-8B4A-11D0-8D11-00A0C91BC942}") = "cryptolib", "projects\cryptolib\cryptolib.vcxproj", "{5DA2A62C-5C81-4D1C-925E-FDA5842A91ED}"
EndProject
Project("{8BC9CEB8-8B4A-11D0-8D11-00A0C91BC942}") = "loglib", "projects\loglib\loglib.vcxproj", "{EDA10196-8CC8-4164-8F7A-AA36D718506D}"
EndProject
Project("{8BC9CEB8-8B4A-11D0-8D11-00A0C91BC942}") = "installer", "projects\installer\installer.vcxproj", "{DAA27474-15B8-4CF5-A683-10BAA4344610}"
EndProject
Project("{8BC9CEB8-8B4A-11D0-8D11-00A0C91BC942}") = "updater", "projects\updater\updater.vcxproj", "{9205031E-5A61-42DF-AB31-BF3F27E858EB}"
EndProject
Project("{8BC9CEB8-8B4A-11D0-8D11-00A0C91BC942}") = "launcher", "projects\launcher\launcher.vcxproj", "{BF8F8274-CF30-4BE3-AC96-4333BD8143C7}"
EndProject
Project("{8BC9CEB8-8B4A-11D0-8D11-00A0C91BC942}") = "ipclib", "projects\ipclib\ipclib.vcxproj", "{10D2F2A8-7F10-46F1-BD5A-07A4C5C1F856}"
EndProject
Project("{8BC9CEB8-8B4A-11D0-8D11-00A0C91BC942}") = "service", "projects\service\service.vcxproj", "{FB480AEE-37B9-4D23-8E57-1D1CC10A9F0A}"
EndProject
Project("{8BC9CEB8-8B4A-11D0-8D11-00A0C91BC942}") = "tasklib", "projects\tasklib\tasklib.vcxproj", "{496508EF-ACA8-4319-A779-E6B72BB6630B}"
EndProject
Global
	GlobalSection(SolutionConfigurationPlatforms) = preSolution
		Debug|x64 = Debug|x64
		Debug|x86 = Debug|x86
		Release|x64 = Release|x64
		Release|x86 = Release|x86
	EndGlobalSection
	GlobalSection(ProjectConfigurationPlatforms) = postSolution
		{12AF3CD4-A87A-4E25-88F7-D873EA40466F}.Debug|x64.ActiveCfg = Debug|x64
		{12AF3CD4-A87A-4E25-88F7-D873EA40466F}.Debug|x64.Build.0 = Debug|x64
		{12AF3CD4-A87A-4E25-88F7-D873EA40466F}.Debug|x86.ActiveCfg = Debug|Win32
		{12AF3CD4-A87A-4E25-88F7-D873EA40466F}.Debug|x86.Build.0 = Debug|Win32
		{12AF3CD4-A87A-4E25-88F7-D873EA40466F}.Release|x64.ActiveCfg = Release|x64
		{12AF3CD4-A87A-4E25-88F7-D873EA40466F}.Release|x64.Build.0 = Release|x64
		{12AF3CD4-A87A-4E25-88F7-D873EA40466F}.Release|x86.ActiveCfg = Release|Win32
		{12AF3CD4-A87A-4E25-88F7-D873EA40466F}.Release|x86.Build.0 = Release|Win32
		{5955B0DB-6C7A-44F3-99E0-910BDC453406}.Debug|x64.ActiveCfg = Debug|x64
		{5955B0DB-6C7A-44F3-99E0-910BDC453406}.Debug|x64.Build.0 = Debug|x64
		{5955B0DB-6C7A-44F3-99E0-910BDC453406}.Debug|x86.ActiveCfg = Debug|Win32
		{5955B0DB-6C7A-44F3-99E0-910BDC453406}.Debug|x86.Build.0 = Debug|Win32
		{5955B0DB-6C7A-44F3-99E0-910BDC453406}.Release|x64.ActiveCfg = Release|x64
		{5955B0DB-6C7A-44F3-99E0-910BDC453406}.Release|x64.Build.0 = Release|x64
		{5955B0DB-6C7A-44F3-99E0-910BDC453406}.Release|x86.ActiveCfg = Release|Win32
		{5955B0DB-6C7A-44F3-99E0-910BDC453406}.Release|x86.Build.0 = Release|Win32
		{808257FD-A903-401C-B314-E9B2D5E3E1D4}.Debug|x64.ActiveCfg = Debug|x64
		{808257FD-A903-401C-B314-E9B2D5E3E1D4}.Debug|x64.Build.0 = Debug|x64
		{808257FD-A903-401C-B314-E9B2D5E3E1D4}.Debug|x86.ActiveCfg = Debug|Win32
		{808257FD-A903-401C-B314-E9B2D5E3E1D4}.Debug|x86.Build.0 = Debug|Win32
		{808257FD-A903-401C-B314-E9B2D5E3E1D4}.Release|x64.ActiveCfg = Release|x64
		{808257FD-A903-401C-B314-E9B2D5E3E1D4}.Release|x64.Build.0 = Release|x64
		{808257FD-A903-401C-B314-E9B2D5E3E1D4}.Release|x86.ActiveCfg = Release|Win32
		{808257FD-A903-401C-B314-E9B2D5E3E1D4}.Release|x86.Build.0 = Release|Win32
		{C86B3E2D-D655-45E3-A261-6FD52DCF1FE6}.Debug|x64.ActiveCfg = Debug|x64
		{C86B3E2D-D655-45E3-A261-6FD52DCF1FE6}.Debug|x64.Build.0 = Debug|x64
		{C86B3E2D-D655-45E3-A261-6FD52DCF1FE6}.Debug|x86.ActiveCfg = Debug|Win32
		{C86B3E2D-D655-45E3-A261-6FD52DCF1FE6}.Debug|x86.Build.0 = Debug|Win32
		{C86B3E2D-D655-45E3-A261-6FD52DCF1FE6}.Release|x64.ActiveCfg = Release|x64
		{C86B3E2D-D655-45E3-A261-6FD52DCF1FE6}.Release|x64.Build.0 = Release|x64
		{C86B3E2D-D655-45E3-A261-6FD52DCF1FE6}.Release|x86.ActiveCfg = Release|Win32
		{C86B3E2D-D655-45E3-A261-6FD52DCF1FE6}.Release|x86.Build.0 = Release|Win32
		{AEC604CC-446D-472E-8306-77FA3C5323E4}.Debug|x64.ActiveCfg = Debug|x64
		{AEC604CC-446D-472E-8306-77FA3C5323E4}.Debug|x64.Build.0 = Debug|x64
		{AEC604CC-446D-472E-8306-77FA3C5323E4}.Debug|x86.ActiveCfg = Debug|Win32
		{AEC604CC-446D-472E-8306-77FA3C5323E4}.Debug|x86.Build.0 = Debug|Win32
		{AEC604CC-446D-472E-8306-77FA3C5323E4}.Release|x64.ActiveCfg = Release|x64
		{AEC604CC-446D-472E-8306-77FA3C5323E4}.Release|x64.Build.0 = Release|x64
		{AEC604CC-446D-472E-8306-77FA3C5323E4}.Release|x86.ActiveCfg = Release|Win32
		{AEC604CC-446D-472E-8306-77FA3C5323E4}.Release|x86.Build.0 = Release|Win32
		{564E8B5C-DBA3-4AAF-85DF-71D313189C71}.Debug|x64.ActiveCfg = Debug|x64
		{564E8B5C-DBA3-4AAF-85DF-71D313189C71}.Debug|x64.Build.0 = Debug|x64
		{564E8B5C-DBA3-4AAF-85DF-71D313189C71}.Debug|x86.ActiveCfg = Debug|Win32
		{564E8B5C-DBA3-4AAF-85DF-71D313189C71}.Debug|x86.Build.0 = Debug|Win32
		{564E8B5C-DBA3-4AAF-85DF-71D313189C71}.Release|x64.ActiveCfg = Release|x64
		{564E8B5C-DBA3-4AAF-85DF-71D313189C71}.Release|x64.Build.0 = Release|x64
		{564E8B5C-DBA3-4AAF-85DF-71D313189C71}.Release|x86.ActiveCfg = Release|Win32
		{564E8B5C-DBA3-4AAF-85DF-71D313189C71}.Release|x86.Build.0 = Release|Win32
		{5DA2A62C-5C81-4D1C-925E-FDA5842A91ED}.Debug|x64.ActiveCfg = Debug|x64
		{5DA2A62C-5C81-4D1C-925E-FDA5842A91ED}.Debug|x64.Build.0 = Debug|x64
		{5DA2A62C-5C81-4D1C-925E-FDA5842A91ED}.Debug|x86.ActiveCfg = Debug|Win32
		{5DA2A62C-5C81-4D1C-925E-FDA5842A91ED}.Debug|x86.Build.0 = Debug|Win32
		{5DA2A62C-5C81-4D1C-925E-FDA5842A91ED}.Release|x64.ActiveCfg = Release|x64
		{5DA2A62C-5C81-4D1C-925E-FDA5842A91ED}.Release|x64.Build.0 = Release|x64
		{5DA2A62C-5C81-4D1C-925E-FDA5842A91ED}.Release|x86.ActiveCfg = Release|Win32
		{5DA2A62C-5C81-4D1C-925E-FDA5842A91ED}.Release|x86.Build.0 = Release|Win32
		{EDA10196-8CC8-4164-8F7A-AA36D718506D}.Debug|x64.ActiveCfg = Debug|x64
		{EDA10196-8CC8-4164-8F7A-AA36D718506D}.Debug|x64.Build.0 = Debug|x64
		{EDA10196-8CC8-4164-8F7A-AA36D718506D}.Debug|x86.ActiveCfg = Debug|Win32
		{EDA10196-8CC8-4164-8F7A-AA36D718506D}.Debug|x86.Build.0 = Debug|Win32
		{EDA10196-8CC8-4164-8F7A-AA36D718506D}.Release|x64.ActiveCfg = Release|x64
		{EDA10196-8CC8-4164-8F7A-AA36D718506D}.Release|x64.Build.0 = Release|x64
		{EDA10196-8CC8-4164-8F7A-AA36D718506D}.Release|x86.ActiveCfg = Release|Win32
		{EDA10196-8CC8-4164-8F7A-AA36D718506D}.Release|x86.Build.0 = Release|Win32
		{DAA27474-15B8-4CF5-A683-10BAA4344610}.Debug|x64.ActiveCfg = Debug|x64
		{DAA27474-15B8-4CF5-A683-10BAA4344610}.Debug|x64.Build.0 = Debug|x64
		{DAA27474-15B8-4CF5-A683-10BAA4344610}.Debug|x86.ActiveCfg = Debug|Win32
		{DAA27474-15B8-4CF5-A683-10BAA4344610}.Debug|x86.Build.0 = Debug|Win32
		{DAA27474-15B8-4CF5-A683-10BAA4344610}.Release|x64.ActiveCfg = Release|x64
		{DAA27474-15B8-4CF5-A683-10BAA4344610}.Release|x64.Build.0 = Release|x64
		{DAA27474-15B8-4CF5-A683-10BAA4344610}.Release|x86.ActiveCfg = Release|Win32
		{DAA27474-15B8-4CF5-A683-10BAA4344610}.Release|x86.Build.0 = Release|Win32
		{9205031E-5A61-42DF-AB31-BF3F27E858EB}.Debug|x64.ActiveCfg = Debug|x64
		{9205031E-5A61-42DF-AB31-BF3F27E858EB}.Debug|x64.Build.0 = Debug|x64
		{9205031E-5A61-42DF-AB31-BF3F27E858EB}.Debug|x86.ActiveCfg = Debug|Win32
		{9205031E-5A61-42DF-AB31-BF3F27E858EB}.Debug|x86.Build.0 = Debug|Win32
		{9205031E-5A61-42DF-AB31-BF3F27E858EB}.Release|x64.ActiveCfg = Release|x64
		{9205031E-5A61-42DF-AB31-BF3F27E858EB}.Release|x64.Build.0 = Release|x64
		{9205031E-5A61-42DF-AB31-BF3F27E858EB}.Release|x86.ActiveCfg = Release|Win32
		{9205031E-5A61-42DF-AB31-BF3F27E858EB}.Release|x86.Build.0 = Release|Win32
		{BF8F8274-CF30-4BE3-AC96-4333BD8143C7}.Debug|x64.ActiveCfg = Debug|x64
		{BF8F8274-CF30-4BE3-AC96-4333BD8143C7}.Debug|x64.Build.0 = Debug|x64
		{BF8F8274-CF30-4BE3-AC96-4333BD8143C7}.Debug|x86.ActiveCfg = Debug|Win32
		{BF8F8274-CF30-4BE3-AC96-4333BD8143C7}.Debug|x86.Build.0 = Debug|Win32
		{BF8F8274-CF30-4BE3-AC96-4333BD8143C7}.Release|x64.ActiveCfg = Release|x64
		{BF8F8274-CF30-4BE3-AC96-4333BD8143C7}.Release|x64.Build.0 = Release|x64
		{BF8F8274-CF30-4BE3-AC96-4333BD8143C7}.Release|x86.ActiveCfg = Release|Win32
		{BF8F8274-CF30-4BE3-AC96-4333BD8143C7}.Release|x86.Build.0 = Release|Win32
		{10D2F2A8-7F10-46F1-BD5A-07A4C5C1F856}.Debug|x64.ActiveCfg = Debug|x64
		{10D2F2A8-7F10-46F1-BD5A-07A4C5C1F856}.Debug|x64.Build.0 = Debug|x64
		{10D2F2A8-7F10-46F1-BD5A-07A4C5C1F856}.Debug|x86.ActiveCfg = Debug|Win32
		{10D2F2A8-7F10-46F1-BD5A-07A4C5C1F856}.Debug|x86.Build.0 = Debug|Win32
		{10D2F2A8-7F10-46F1-BD5A-07A4C5C1F856}.Release|x64.ActiveCfg = Release|x64
		{10D2F2A8-7F10-46F1-BD5A-07A4C5C1F856}.Release|x64.Build.0 = Release|x64
		{10D2F2A8-7F10-46F1-BD5A-07A4C5C1F856}.Release|x86.ActiveCfg = Release|Win32
		{10D2F2A8-7F10-46F1-BD5A-07A4C5C1F856}.Release|x86.Build.0 = Release|Win32
		{FB480AEE-37B9-4D23-8E57-1D1CC10A9F0A}.Debug|x64.ActiveCfg = Debug|x64
		{FB480AEE-37B9-4D23-8E57-1D1CC10A9F0A}.Debug|x64.Build.0 = Debug|x64
		{FB480AEE-37B9-4D23-8E57-1D1CC10A9F0A}.Debug|x86.ActiveCfg = Debug|Win32
		{FB480AEE-37B9-4D23-8E57-1D1CC10A9F0A}.Debug|x86.Build.0 = Debug|Win32
		{FB480AEE-37B9-4D23-8E57-1D1CC10A9F0A}.Release|x64.ActiveCfg = Release|x64
		{FB480AEE-37B9-4D23-8E57-1D1CC10A9F0A}.Release|x64.Build.0 = Release|x64
		{FB480AEE-37B9-4D23-8E57-1D1CC10A9F0A}.Release|x86.ActiveCfg = Release|Win32
		{FB480AEE-37B9-4D23-8E57-1D1CC10A9F0A}.Release|x86.Build.0 = Release|Win32
		{496508EF-ACA8-4319-A779-E6B72BB6630B}.Debug|x64.ActiveCfg = Debug|x64
		{496508EF-ACA8-4319-A779-E6B72BB6630B}.Debug|x64.Build.0 = Debug|x64
		{496508EF-ACA8-4319-A779-E6B72BB6630B}.Debug|x86.ActiveCfg = Debug|Win32
		{496508EF-ACA8-4319-A779-E6B72BB6630B}.Debug|x86.Build.0 = Debug|Win32
		{496508EF-ACA8-4319-A779-E6B72BB6630B}.Release|x64.ActiveCfg = Release|x64
		{496508EF-ACA8-4319-A779-E6B72BB6630B}.Release|x64.Build.0 = Release|x64
		{496508EF-ACA8-4319-A779-E6B72BB6630B}.Release|x86.ActiveCfg = Release|Win32
		{496508EF-ACA8-4319-A779-E6B72BB6630B}.Release|x86.Build.0 = Release|Win32
	EndGlobalSection
	GlobalSection(SolutionProperties) = preSolution
		HideSolutionNode = FALSE
	EndGlobalSection
	GlobalSection(NestedProjects) = preSolution
		{12AF3CD4-A87A-4E25-88F7-D873EA40466F} = {FAF96337-21D5-4AFF-ACDA-85F98CF2FFEE}
		{5955B0DB-6C7A-44F3-99E0-910BDC453406} = {AF006283-E199-4E60-A798-430192F91443}
		{808257FD-A903-401C-B314-E9B2D5E3E1D4} = {AF006283-E199-4E60-A798-430192F91443}
		{C86B3E2D-D655-45E3-A261-6FD52DCF1FE6} = {AF006283-E199-4E60-A798-430192F91443}
		{AEC604CC-446D-472E-8306-77FA3C5323E4} = {AF006283-E199-4E60-A798-430192F91443}
		{564E8B5C-DBA3-4AAF-85DF-71D313189C71} = {AF006283-E199-4E60-A798-430192F91443}
		{5DA2A62C-5C81-4D1C-925E-FDA5842A91ED} = {AF006283-E199-4E60-A798-430192F91443}
		{EDA10196-8CC8-4164-8F7A-AA36D718506D} = {AF006283-E199-4E60-A798-430192F91443}
		{DAA27474-15B8-4CF5-A683-10BAA4344610} = {2EFB2373-65B0-4121-9B9B-9A442A847B8C}
		{9205031E-5A61-42DF-AB31-BF3F27E858EB} = {2EFB2373-65B0-4121-9B9B-9A442A847B8C}
		{BF8F8274-CF30-4BE3-AC96-4333BD8143C7} = {2EFB2373-65B0-4121-9B9B-9A442A847B8C}
		{10D2F2A8-7F10-46F1-BD5A-07A4C5C1F856} = {AF006283-E199-4E60-A798-430192F91443}
		{FB480AEE-37B9-4D23-8E57-1D1CC10A9F0A} = {2EFB2373-65B0-4121-9B9B-9A442A847B8C}
		{496508EF-ACA8-4319-A779-E6B72BB6630B} = {AF006283-E199-4E60-A798-430192F91443}
	EndGlobalSection
	GlobalSection(ExtensibilityGlobals) = postSolution
		SolutionGuid = {BEFB16B9-0EC6-41D4-B63D-D3E8837A862C}
	EndGlobalSection
EndGlobal
