<?xml version="1.0" encoding="utf-8"?>
<Project ToolsVersion="4.0" xmlns="http://schemas.microsoft.com/developer/msbuild/2003">
  <ItemGroup>
    <Filter Include="src">
      <UniqueIdentifier>{dea35162-1b21-4062-94e9-32ba0edfbbb6}</UniqueIdentifier>
    </Filter>
    <Filter Include="worker_threads">
      <UniqueIdentifier>{a36eea01-4ae3-45d3-b044-9971d9bba258}</UniqueIdentifier>
    </Filter>
  </ItemGroup>
  <ItemGroup>
    <ClCompile Include="..\..\apps\updater\updater_main.cpp">
      <Filter>src</Filter>
    </ClCompile>
  </ItemGroup>
</Project>