<?xml version="1.0" encoding="utf-8"?>
<Project ToolsVersion="4.0" xmlns="http://schemas.microsoft.com/developer/msbuild/2003">
  <ItemGroup>
    <Filter Include="queue">
      <UniqueIdentifier>{2ca20edf-7769-41f0-b310-3fd8d809cdaa}</UniqueIdentifier>
    </Filter>
    <Filter Include="misc">
      <UniqueIdentifier>{7acd49d8-5047-4696-aef0-8a829d41fdce}</UniqueIdentifier>
    </Filter>
    <Filter Include="task">
      <UniqueIdentifier>{7c1974a8-65dd-44cb-81a7-668e23e43c00}</UniqueIdentifier>
    </Filter>
  </ItemGroup>
  <ItemGroup>
    <ClInclude Include="..\..\libs\tasklib\tasklib.h">
      <Filter>misc</Filter>
    </ClInclude>
    <ClInclude Include="..\..\libs\tasklib\task_queue.h">
      <Filter>queue</Filter>
    </ClInclude>
    <ClInclude Include="..\..\libs\tasklib\base_task.h">
      <Filter>task</Filter>
    </ClInclude>
  </ItemGroup>
  <ItemGroup>
    <ClCompile Include="..\..\libs\tasklib\tasklib.cpp">
      <Filter>misc</Filter>
    </ClCompile>
    <ClCompile Include="..\..\libs\tasklib\task_queue.cpp">
      <Filter>queue</Filter>
    </ClCompile>
    <ClCompile Include="..\..\libs\tasklib\base_task.cpp">
      <Filter>task</Filter>
    </ClCompile>
  </ItemGroup>
</Project>