<?xml version="1.0" encoding="utf-8"?>
<Project ToolsVersion="4.0" xmlns="http://schemas.microsoft.com/developer/msbuild/2003">
  <ItemGroup>
    <Filter Include="update_checker">
      <UniqueIdentifier>{a7b6d521-7d57-4632-b619-ff4a3764f840}</UniqueIdentifier>
    </Filter>
    <Filter Include="misc">
      <UniqueIdentifier>{9f55060c-e0eb-46a5-b8eb-00cee5848a87}</UniqueIdentifier>
    </Filter>
    <Filter Include="updater">
      <UniqueIdentifier>{55bb7f42-b565-4880-b446-660358b634b1}</UniqueIdentifier>
    </Filter>
  </ItemGroup>
  <ItemGroup>
    <ClInclude Include="..\..\libs\netlib\update_checker.h">
      <Filter>update_checker</Filter>
    </ClInclude>
    <ClInclude Include="..\..\libs\netlib\curl_raii.h">
      <Filter>misc</Filter>
    </ClInclude>
    <ClInclude Include="..\..\libs\netlib\netlib.h">
      <Filter>misc</Filter>
    </ClInclude>
    <ClInclude Include="..\..\libs\netlib\libcurl.h">
      <Filter>misc</Filter>
    </ClInclude>
    <ClInclude Include="..\..\libs\netlib\iupdate_checker.h">
      <Filter>update_checker</Filter>
    </ClInclude>
    <ClInclude Include="..\..\libs\netlib\iupdater.h">
      <Filter>updater</Filter>
    </ClInclude>
    <ClInclude Include="..\..\libs\netlib\updater.h">
      <Filter>updater</Filter>
    </ClInclude>
  </ItemGroup>
  <ItemGroup>
    <ClCompile Include="..\..\libs\netlib\update_checker.cpp">
      <Filter>update_checker</Filter>
    </ClCompile>
    <ClCompile Include="..\..\libs\netlib\netlib.cpp">
      <Filter>misc</Filter>
    </ClCompile>
    <ClCompile Include="..\..\libs\netlib\updater.cpp">
      <Filter>updater</Filter>
    </ClCompile>
  </ItemGroup>
</Project>