<?xml version="1.0" encoding="utf-8"?>
<Project ToolsVersion="4.0" xmlns="http://schemas.microsoft.com/developer/msbuild/2003">
  <ItemGroup>
    <Filter Include="misc">
      <UniqueIdentifier>{9e041937-6bec-4c5c-82e5-ebcfd16ace8b}</UniqueIdentifier>
    </Filter>
    <Filter Include="log_stream">
      <UniqueIdentifier>{1a136f8f-fb62-4693-a591-0e115db4a92e}</UniqueIdentifier>
    </Filter>
    <Filter Include="logging">
      <UniqueIdentifier>{41223436-1de6-431b-8ed9-6e0c569a74b7}</UniqueIdentifier>
    </Filter>
  </ItemGroup>
  <ItemGroup>
    <ClInclude Include="..\..\libs\loglib\loglib.h">
      <Filter>misc</Filter>
    </ClInclude>
    <ClInclude Include="..\..\libs\loglib\log_stream.h">
      <Filter>log_stream</Filter>
    </ClInclude>
    <ClInclude Include="..\..\libs\loglib\string_conv.h">
      <Filter>log_stream</Filter>
    </ClInclude>
    <ClInclude Include="..\..\libs\loglib\loghlp.h">
      <Filter>logging</Filter>
    </ClInclude>
    <ClInclude Include="..\..\libs\loglib\logger.h">
      <Filter>logging</Filter>
    </ClInclude>
    <ClInclude Include="..\..\libs\loglib\log_writer.h">
      <Filter>logging</Filter>
    </ClInclude>
    <ClInclude Include="..\..\libs\loglib\log_types.h">
      <Filter>logging</Filter>
    </ClInclude>
    <ClInclude Include="..\..\libs\loglib\log_objects.h">
      <Filter>logging</Filter>
    </ClInclude>
  </ItemGroup>
  <ItemGroup>
    <ClCompile Include="..\..\libs\loglib\log_stream.cpp">
      <Filter>log_stream</Filter>
    </ClCompile>
    <ClCompile Include="..\..\libs\loglib\string_conv.cpp">
      <Filter>log_stream</Filter>
    </ClCompile>
    <ClCompile Include="..\..\libs\loglib\logger.cpp">
      <Filter>logging</Filter>
    </ClCompile>
    <ClCompile Include="..\..\libs\loglib\log_writer.cpp">
      <Filter>logging</Filter>
    </ClCompile>
  </ItemGroup>
</Project>