<?xml version="1.0" encoding="utf-8"?>
<Project ToolsVersion="4.0" xmlns="http://schemas.microsoft.com/developer/msbuild/2003">
  <ItemGroup>
    <Filter Include="src">
      <UniqueIdentifier>{7b60e2af-3e2b-4f1e-b044-a43d8500c82b}</UniqueIdentifier>
    </Filter>
  </ItemGroup>
  <ItemGroup>
    <ClCompile Include="..\..\apps\launcher\launcher_main.cpp">
      <Filter>src</Filter>
    </ClCompile>
  </ItemGroup>
</Project>